# THIS IS AN AUTOGENERATED FILE. DO NOT EDIT THIS FILE DIRECTLY.
# yarn lockfile v1


"bats-assert@https://github.com/ztombol/bats-assert":
  version "0.3.0"
  resolved "https://github.com/ztombol/bats-assert#9f88b4207da750093baabc4e3f41bf68f0dd3630"

"bats-support@https://github.com/ztombol/bats-support":
  version "0.3.0"
  resolved "https://github.com/ztombol/bats-support#004e707638eedd62e0481e8cdc9223ad471f12ee"

bats@^1.0.2:
  version "1.1.0"
  resolved "https://registry.yarnpkg.com/bats/-/bats-1.1.0.tgz#6fc44f283ed4e7af2b6ffac93ec5026a1acbdc66"
  integrity sha512-1pA29OhDByrUtAXX+nmqZxgRgx2y8PvuZzbLJVjd2dpEDVDvz0MjcBMdmIPNq5lC+tG53G+RbeRsbIlv3vw7tg==

prettier@^1.16.4:
  version "1.17.1"
  resolved "https://registry.yarnpkg.com/prettier/-/prettier-1.17.1.tgz#ed64b4e93e370cb8a25b9ef7fef3e4fd1c0995db"
  integrity sha512-TzGRNvuUSmPgwivDqkZ9tM/qTGW9hqDKWOE9YHiyQdixlKbv7kvEqsmDPrcHJTKwthU774TQwZXVtaQ/mMsvjg==
